
Microsoft Visual Studio Solution File, Format Version 12.00
# Visual Studio Version 17
VisualStudioVersion = 17.1.32328.378
MinimumVisualStudioVersion = 10.0.40219.1
Project("{FAE04EC0-301F-11D3-BF4B-00C04F79EFBC}") = "Selenium.UITests", "Selenium.UITests.csproj", "{E478E4F2-4748-4AE0-9996-3C331D138983}"
EndProject
Global
	GlobalSection(SolutionConfigurationPlatforms) = preSolution
		Debug|Any CPU = Debug|Any CPU
		Release|Any CPU = Release|Any CPU
	EndGlobalSection
	GlobalSection(ProjectConfigurationPlatforms) = postSolution
		{E478E4F2-4748-4AE0-9996-3C331D138983}.Debug|Any CPU.ActiveCfg = Debug|Any CPU
		{E478E4F2-4748-4AE0-9996-3C331D138983}.Debug|Any CPU.Build.0 = Debug|Any CPU
		{E478E4F2-4748-4AE0-9996-3C331D138983}.Release|Any CPU.ActiveCfg = Release|Any CPU
		{E478E4F2-4748-4AE0-9996-3C331D138983}.Release|Any CPU.Build.0 = Release|Any CPU
	EndGlobalSection
	GlobalSection(SolutionProperties) = preSolution
		HideSolutionNode = FALSE
	EndGlobalSection
	GlobalSection(ExtensibilityGlobals) = postSolution
		SolutionGuid = {9611CD2E-42FB-4F33-8219-509C8B84D601}
	EndGlobalSection
EndGlobal
